// !$*UTF8*$!
{
	archiveVersion = 1;
	classes = {
	};
	objectVersion = 46;
	objects = {

/* Begin PBXBuildFile section */
		998D9600AE392DB66F087887 /* Pods_pokedex.framework in Frameworks */ = {isa = PBXBuildFile; fileRef = C9D8E15F6625D2B35916C9C5 /* Pods_pokedex.framework */; };
		9D22CAAC1CE3D47E0072B7E2 /* AppDelegate.swift in Sources */ = {isa = PBXBuildFile; fileRef = 9D22CAAB1CE3D47E0072B7E2 /* AppDelegate.swift */; };
		9D22CAAE1CE3D47E0072B7E2 /* ViewController.swift in Sources */ = {isa = PBXBuildFile; fileRef = 9D22CAAD1CE3D47E0072B7E2 /* ViewController.swift */; };
		9D22CAB11CE3D47E0072B7E2 /* Main.storyboard in Resources */ = {isa = PBXBuildFile; fileRef = 9D22CAAF1CE3D47E0072B7E2 /* Main.storyboard */; };
		9D22CAB31CE3D47E0072B7E2 /* Assets.xcassets in Resources */ = {isa = PBXBuildFile; fileRef = 9D22CAB21CE3D47E0072B7E2 /* Assets.xcassets */; };
		9D22CAB61CE3D47E0072B7E2 /* LaunchScreen.storyboard in Resources */ = {isa = PBXBuildFile; fileRef = 9D22CAB41CE3D47E0072B7E2 /* LaunchScreen.storyboard */; };
		9D22CABE1CE3D8C70072B7E2 /* pokemon.csv in Resources */ = {isa = PBXBuildFile; fileRef = 9D22CABD1CE3D8C70072B7E2 /* pokemon.csv */; };
		9D22CAC11CE3DAB30072B7E2 /* Pokemon.swift in Sources */ = {isa = PBXBuildFile; fileRef = 9D22CAC01CE3DAB30072B7E2 /* Pokemon.swift */; };
		9D22CAC41CE3E7BC0072B7E2 /* PokeCell.swift in Sources */ = {isa = PBXBuildFile; fileRef = 9D22CAC31CE3E7BC0072B7E2 /* PokeCell.swift */; };
		9D22CAC61CE3F3A40072B7E2 /* csv.swift in Sources */ = {isa = PBXBuildFile; fileRef = 9D22CAC51CE3F3A40072B7E2 /* csv.swift */; };
		9D86A1FF1CE53D3F00A771F5 /* pokemon.ttf in Resources */ = {isa = PBXBuildFile; fileRef = 9D86A1FE1CE53D3F00A771F5 /* pokemon.ttf */; };
		9D86A2011CE541DA00A771F5 /* music.mp3 in Resources */ = {isa = PBXBuildFile; fileRef = 9D86A2001CE541DA00A771F5 /* music.mp3 */; };
		9D93F25E1CED1BC700710B54 /* PokemonDetailVC.swift in Sources */ = {isa = PBXBuildFile; fileRef = 9D93F25D1CED1BC700710B54 /* PokemonDetailVC.swift */; };
		9DEAD77D1CEE5C7200A0A1DE /* Constants.swift in Sources */ = {isa = PBXBuildFile; fileRef = 9DEAD77C1CEE5C7200A0A1DE /* Constants.swift */; };
/* End PBXBuildFile section */

/* Begin PBXFileReference section */
		6699FBA7839220D3D3F324D9 /* Pods-pokedex.debug.xcconfig */ = {isa = PBXFileReference; includeInIndex = 1; lastKnownFileType = text.xcconfig; name = "Pods-pokedex.debug.xcconfig"; path = "Pods/Target Support Files/Pods-pokedex/Pods-pokedex.debug.xcconfig"; sourceTree = "<group>"; };
		908737D1E2D70AD527586C69 /* Pods-pokedex.release.xcconfig */ = {isa = PBXFileReference; includeInIndex = 1; lastKnownFileType = text.xcconfig; name = "Pods-pokedex.release.xcconfig"; path = "Pods/Target Support Files/Pods-pokedex/Pods-pokedex.release.xcconfig"; sourceTree = "<group>"; };
		9D22CAA81CE3D47E0072B7E2 /* pokedex.app */ = {isa = PBXFileReference; explicitFileType = wrapper.application; includeInIndex = 0; path = pokedex.app; sourceTree = BUILT_PRODUCTS_DIR; };
		9D22CAAB1CE3D47E0072B7E2 /* AppDelegate.swift */ = {isa = PBXFileReference; lastKnownFileType = sourcecode.swift; path = AppDelegate.swift; sourceTree = "<group>"; };
		9D22CAAD1CE3D47E0072B7E2 /* ViewController.swift */ = {isa = PBXFileReference; lastKnownFileType = sourcecode.swift; path = ViewController.swift; sourceTree = "<group>"; };
		9D22CAB01CE3D47E0072B7E2 /* Base */ = {isa = PBXFileReference; lastKnownFileType = file.storyboard; name = Base; path = Base.lproj/Main.storyboard; sourceTree = "<group>"; };
		9D22CAB21CE3D47E0072B7E2 /* Assets.xcassets */ = {isa = PBXFileReference; lastKnownFileType = folder.assetcatalog; path = Assets.xcassets; sourceTree = "<group>"; };
		9D22CAB51CE3D47E0072B7E2 /* Base */ = {isa = PBXFileReference; lastKnownFileType = file.storyboard; name = Base; path = Base.lproj/LaunchScreen.storyboard; sourceTree = "<group>"; };
		9D22CAB71CE3D47E0072B7E2 /* Info.plist */ = {isa = PBXFileReference; lastKnownFileType = text.plist.xml; path = Info.plist; sourceTree = "<group>"; };
		9D22CABD1CE3D8C70072B7E2 /* pokemon.csv */ = {isa = PBXFileReference; fileEncoding = 4; lastKnownFileType = text; path = pokemon.csv; sourceTree = "<group>"; };
		9D22CAC01CE3DAB30072B7E2 /* Pokemon.swift */ = {isa = PBXFileReference; fileEncoding = 4; lastKnownFileType = sourcecode.swift; path = Pokemon.swift; sourceTree = "<group>"; };
		9D22CAC31CE3E7BC0072B7E2 /* PokeCell.swift */ = {isa = PBXFileReference; fileEncoding = 4; lastKnownFileType = sourcecode.swift; path = PokeCell.swift; sourceTree = "<group>"; };
		9D22CAC51CE3F3A40072B7E2 /* csv.swift */ = {isa = PBXFileReference; fileEncoding = 4; lastKnownFileType = sourcecode.swift; path = csv.swift; sourceTree = "<group>"; };
		9D86A1FE1CE53D3F00A771F5 /* pokemon.ttf */ = {isa = PBXFileReference; lastKnownFileType = file; path = pokemon.ttf; sourceTree = "<group>"; };
		9D86A2001CE541DA00A771F5 /* music.mp3 */ = {isa = PBXFileReference; lastKnownFileType = audio.mp3; path = music.mp3; sourceTree = "<group>"; };
		9D93F25D1CED1BC700710B54 /* PokemonDetailVC.swift */ = {isa = PBXFileReference; fileEncoding = 4; lastKnownFileType = sourcecode.swift; path = PokemonDetailVC.swift; sourceTree = "<group>"; };
		9DEAD77C1CEE5C7200A0A1DE /* Constants.swift */ = {isa = PBXFileReference; fileEncoding = 4; lastKnownFileType = sourcecode.swift; path = Constants.swift; sourceTree = "<group>"; };
		C9D8E15F6625D2B35916C9C5 /* Pods_pokedex.framework */ = {isa = PBXFileReference; explicitFileType = wrapper.framework; includeInIndex = 0; path = Pods_pokedex.framework; sourceTree = BUILT_PRODUCTS_DIR; };
/* End PBXFileReference section */

/* Begin PBXFrameworksBuildPhase section */
		9D22CAA51CE3D47E0072B7E2 /* Frameworks */ = {
			isa = PBXFrameworksBuildPhase;
			buildActionMask = 2147483647;
			files = (
				998D9600AE392DB66F087887 /* Pods_pokedex.framework in Frameworks */,
			);
			runOnlyForDeploymentPostprocessing = 0;
		};
/* End PBXFrameworksBuildPhase section */

/* Begin PBXGroup section */
		25C2A4F4319595941DF6D383 /* Pods */ = {
			isa = PBXGroup;
			children = (
				6699FBA7839220D3D3F324D9 /* Pods-pokedex.debug.xcconfig */,
				908737D1E2D70AD527586C69 /* Pods-pokedex.release.xcconfig */,
			);
			name = Pods;
			sourceTree = "<group>";
		};
		2C5C155F5F0970AB2B6334DB /* Frameworks */ = {
			isa = PBXGroup;
			children = (
				C9D8E15F6625D2B35916C9C5 /* Pods_pokedex.framework */,
			);
			name = Frameworks;
			sourceTree = "<group>";
		};
		9D22CA9F1CE3D47E0072B7E2 = {
			isa = PBXGroup;
			children = (
				9D22CAAA1CE3D47E0072B7E2 /* pokedex */,
				9D22CAA91CE3D47E0072B7E2 /* Products */,
				25C2A4F4319595941DF6D383 /* Pods */,
				2C5C155F5F0970AB2B6334DB /* Frameworks */,
			);
			sourceTree = "<group>";
		};
		9D22CAA91CE3D47E0072B7E2 /* Products */ = {
			isa = PBXGroup;
			children = (
				9D22CAA81CE3D47E0072B7E2 /* pokedex.app */,
			);
			name = Products;
			sourceTree = "<group>";
		};
		9D22CAAA1CE3D47E0072B7E2 /* pokedex */ = {
			isa = PBXGroup;
			children = (
				9D22CABF1CE3DA900072B7E2 /* Model */,
				9D22CAC21CE3E76F0072B7E2 /* View */,
				9D22CAC81CE3F3FC0072B7E2 /* Controller */,
				9D22CAC71CE3F3D00072B7E2 /* Util */,
				9D22CAC91CE3F41F0072B7E2 /* Resources */,
				9D22CAAB1CE3D47E0072B7E2 /* AppDelegate.swift */,
				9D22CAAF1CE3D47E0072B7E2 /* Main.storyboard */,
				9D22CAB21CE3D47E0072B7E2 /* Assets.xcassets */,
				9D22CAB41CE3D47E0072B7E2 /* LaunchScreen.storyboard */,
				9D22CAB71CE3D47E0072B7E2 /* Info.plist */,
			);
			path = pokedex;
			sourceTree = "<group>";
		};
		9D22CABF1CE3DA900072B7E2 /* Model */ = {
			isa = PBXGroup;
			children = (
				9D22CAC01CE3DAB30072B7E2 /* Pokemon.swift */,
			);
			name = Model;
			sourceTree = "<group>";
		};
		9D22CAC21CE3E76F0072B7E2 /* View */ = {
			isa = PBXGroup;
			children = (
				9D22CAC31CE3E7BC0072B7E2 /* PokeCell.swift */,
			);
			name = View;
			sourceTree = "<group>";
		};
		9D22CAC71CE3F3D00072B7E2 /* Util */ = {
			isa = PBXGroup;
			children = (
				9D22CAC51CE3F3A40072B7E2 /* csv.swift */,
				9DEAD77C1CEE5C7200A0A1DE /* Constants.swift */,
			);
			name = Util;
			sourceTree = "<group>";
		};
		9D22CAC81CE3F3FC0072B7E2 /* Controller */ = {
			isa = PBXGroup;
			children = (
				9D22CAAD1CE3D47E0072B7E2 /* ViewController.swift */,
				9D93F25D1CED1BC700710B54 /* PokemonDetailVC.swift */,
			);
			name = Controller;
			sourceTree = "<group>";
		};
		9D22CAC91CE3F41F0072B7E2 /* Resources */ = {
			isa = PBXGroup;
			children = (
				9D86A2001CE541DA00A771F5 /* music.mp3 */,
				9D86A1FE1CE53D3F00A771F5 /* pokemon.ttf */,
				9D22CABD1CE3D8C70072B7E2 /* pokemon.csv */,
			);
			name = Resources;
			sourceTree = "<group>";
		};
/* End PBXGroup section */

/* Begin PBXNativeTarget section */
		9D22CAA71CE3D47E0072B7E2 /* pokedex */ = {
			isa = PBXNativeTarget;
			buildConfigurationList = 9D22CABA1CE3D47E0072B7E2 /* Build configuration list for PBXNativeTarget "pokedex" */;
			buildPhases = (
				0641E4B1E320CF917B98E421 /* Check Pods Manifest.lock */,
				9D22CAA41CE3D47E0072B7E2 /* Sources */,
				9D22CAA51CE3D47E0072B7E2 /* Frameworks */,
				9D22CAA61CE3D47E0072B7E2 /* Resources */,
				A9734C69A80BF43CA92FF812 /* Embed Pods Frameworks */,
				ADA1464BD8078C92F148037D /* Copy Pods Resources */,
			);
			buildRules = (
			);
			dependencies = (
			);
			name = pokedex;
			productName = pokedex;
			productReference = 9D22CAA81CE3D47E0072B7E2 /* pokedex.app */;
			productType = "com.apple.product-type.application";
		};
/* End PBXNativeTarget section */

/* Begin PBXProject section */
		9D22CAA01CE3D47E0072B7E2 /* Project object */ = {
			isa = PBXProject;
			attributes = {
				LastSwiftUpdateCheck = 0730;
				LastUpgradeCheck = 0730;
				ORGANIZATIONNAME = "Burak Karahan";
				TargetAttributes = {
					9D22CAA71CE3D47E0072B7E2 = {
						CreatedOnToolsVersion = 7.3;
					};
				};
			};
			buildConfigurationList = 9D22CAA31CE3D47E0072B7E2 /* Build configuration list for PBXProject "pokedex" */;
			compatibilityVersion = "Xcode 3.2";
			developmentRegion = English;
			hasScannedForEncodings = 0;
			knownRegions = (
				en,
				Base,
			);
			mainGroup = 9D22CA9F1CE3D47E0072B7E2;
			productRefGroup = 9D22CAA91CE3D47E0072B7E2 /* Products */;
			projectDirPath = "";
			projectRoot = "";
			targets = (
				9D22CAA71CE3D47E0072B7E2 /* pokedex */,
			);
		};
/* End PBXProject section */

/* Begin PBXResourcesBuildPhase section */
		9D22CAA61CE3D47E0072B7E2 /* Resources */ = {
			isa = PBXResourcesBuildPhase;
			buildActionMask = 2147483647;
			files = (
				9D86A1FF1CE53D3F00A771F5 /* pokemon.ttf in Resources */,
				9D22CAB61CE3D47E0072B7E2 /* LaunchScreen.storyboard in Resources */,
				9D86A2011CE541DA00A771F5 /* music.mp3 in Resources */,
				9D22CAB31CE3D47E0072B7E2 /* Assets.xcassets in Resources */,
				9D22CABE1CE3D8C70072B7E2 /* pokemon.csv in Resources */,
				9D22CAB11CE3D47E0072B7E2 /* Main.storyboard in Resources */,
			);
			runOnlyForDeploymentPostprocessing = 0;
		};
/* End PBXResourcesBuildPhase section */

/* Begin PBXShellScriptBuildPhase section */
		0641E4B1E320CF917B98E421 /* Check Pods Manifest.lock */ = {
			isa = PBXShellScriptBuildPhase;
			buildActionMask = 2147483647;
			files = (
			);
			inputPaths = (
			);
			name = "Check Pods Manifest.lock";
			outputPaths = (
			);
			runOnlyForDeploymentPostprocessing = 0;
			shellPath = /bin/sh;
			shellScript = "diff \"${PODS_ROOT}/../Podfile.lock\" \"${PODS_ROOT}/Manifest.lock\" > /dev/null\nif [[ $? != 0 ]] ; then\n    cat << EOM\nerror: The sandbox is not in sync with the Podfile.lock. Run 'pod install' or update your CocoaPods installation.\nEOM\n    exit 1\nfi\n";
			showEnvVarsInLog = 0;
		};
		A9734C69A80BF43CA92FF812 /* Embed Pods Frameworks */ = {
			isa = PBXShellScriptBuildPhase;
			buildActionMask = 2147483647;
			files = (
			);
			inputPaths = (
			);
			name = "Embed Pods Frameworks";
			outputPaths = (
			);
			runOnlyForDeploymentPostprocessing = 0;
			shellPath = /bin/sh;
			shellScript = "\"${SRCROOT}/Pods/Target Support Files/Pods-pokedex/Pods-pokedex-frameworks.sh\"\n";
			showEnvVarsInLog = 0;
		};
		ADA1464BD8078C92F148037D /* Copy Pods Resources */ = {
			isa = PBXShellScriptBuildPhase;
			buildActionMask = 2147483647;
			files = (
			);
			inputPaths = (
			);
			name = "Copy Pods Resources";
			outputPaths = (
			);
			runOnlyForDeploymentPostprocessing = 0;
			shellPath = /bin/sh;
			shellScript = "\"${SRCROOT}/Pods/Target Support Files/Pods-pokedex/Pods-pokedex-resources.sh\"\n";
			showEnvVarsInLog = 0;
		};
/* End PBXShellScriptBuildPhase section */

/* Begin PBXSourcesBuildPhase section */
		9D22CAA41CE3D47E0072B7E2 /* Sources */ = {
			isa = PBXSourcesBuildPhase;
			buildActionMask = 2147483647;
			files = (
				9D22CAC41CE3E7BC0072B7E2 /* PokeCell.swift in Sources */,
				9D22CAAE1CE3D47E0072B7E2 /* ViewController.swift in Sources */,
				9D22CAAC1CE3D47E0072B7E2 /* AppDelegate.swift in Sources */,
				9D93F25E1CED1BC700710B54 /* PokemonDetailVC.swift in Sources */,
				9DEAD77D1CEE5C7200A0A1DE /* Constants.swift in Sources */,
				9D22CAC11CE3DAB30072B7E2 /* Pokemon.swift in Sources */,
				9D22CAC61CE3F3A40072B7E2 /* csv.swift in Sources */,
			);
			runOnlyForDeploymentPostprocessing = 0;
		};
/* End PBXSourcesBuildPhase section */

/* Begin PBXVariantGroup section */
		9D22CAAF1CE3D47E0072B7E2 /* Main.storyboard */ = {
			isa = PBXVariantGroup;
			children = (
				9D22CAB01CE3D47E0072B7E2 /* Base */,
			);
			name = Main.storyboard;
			sourceTree = "<group>";
		};
		9D22CAB41CE3D47E0072B7E2 /* LaunchScreen.storyboard */ = {
			isa = PBXVariantGroup;
			children = (
				9D22CAB51CE3D47E0072B7E2 /* Base */,
			);
			name = LaunchScreen.storyboard;
			sourceTree = "<group>";
		};
/* End PBXVariantGroup section */

/* Begin XCBuildConfiguration section */
		9D22CAB81CE3D47E0072B7E2 /* Debug */ = {
			isa = XCBuildConfiguration;
			buildSettings = {
				ALWAYS_SEARCH_USER_PATHS = NO;
				CLANG_ANALYZER_NONNULL = YES;
				CLANG_CXX_LANGUAGE_STANDARD = "gnu++0x";
				CLANG_CXX_LIBRARY = "libc++";
				CLANG_ENABLE_MODULES = YES;
				CLANG_ENABLE_OBJC_ARC = YES;
				CLANG_WARN_BOOL_CONVERSION = YES;
				CLANG_WARN_CONSTANT_CONVERSION = YES;
				CLANG_WARN_DIRECT_OBJC_ISA_USAGE = YES_ERROR;
				CLANG_WARN_EMPTY_BODY = YES;
				CLANG_WARN_ENUM_CONVERSION = YES;
				CLANG_WARN_INT_CONVERSION = YES;
				CLANG_WARN_OBJC_ROOT_CLASS = YES_ERROR;
				CLANG_WARN_UNREACHABLE_CODE = YES;
				CLANG_WARN__DUPLICATE_METHOD_MATCH = YES;
				"CODE_SIGN_IDENTITY[sdk=iphoneos*]" = "iPhone Developer";
				COPY_PHASE_STRIP = NO;
				DEBUG_INFORMATION_FORMAT = dwarf;
				ENABLE_STRICT_OBJC_MSGSEND = YES;
				ENABLE_TESTABILITY = YES;
				GCC_C_LANGUAGE_STANDARD = gnu99;
				GCC_DYNAMIC_NO_PIC = NO;
				GCC_NO_COMMON_BLOCKS = YES;
				GCC_OPTIMIZATION_LEVEL = 0;
				GCC_PREPROCESSOR_DEFINITIONS = (
					"DEBUG=1",
					"$(inherited)",
				);
				GCC_WARN_64_TO_32_BIT_CONVERSION = YES;
				GCC_WARN_ABOUT_RETURN_TYPE = YES_ERROR;
				GCC_WARN_UNDECLARED_SELECTOR = YES;
				GCC_WARN_UNINITIALIZED_AUTOS = YES_AGGRESSIVE;
				GCC_WARN_UNUSED_FUNCTION = YES;
				GCC_WARN_UNUSED_VARIABLE = YES;
				IPHONEOS_DEPLOYMENT_TARGET = 9.3;
				MTL_ENABLE_DEBUG_INFO = YES;
				ONLY_ACTIVE_ARCH = YES;
				SDKROOT = iphoneos;
				SWIFT_OPTIMIZATION_LEVEL = "-Onone";
				TARGETED_DEVICE_FAMILY = "1,2";
			};
			name = Debug;
		};
		9D22CAB91CE3D47E0072B7E2 /* Release */ = {
			isa = XCBuildConfiguration;
			buildSettings = {
				ALWAYS_SEARCH_USER_PATHS = NO;
				CLANG_ANALYZER_NONNULL = YES;
				CLANG_CXX_LANGUAGE_STANDARD = "gnu++0x";
				CLANG_CXX_LIBRARY = "libc++";
				CLANG_ENABLE_MODULES = YES;
				CLANG_ENABLE_OBJC_ARC = YES;
				CLANG_WARN_BOOL_CONVERSION = YES;
				CLANG_WARN_CONSTANT_CONVERSION = YES;
				CLANG_WARN_DIRECT_OBJC_ISA_USAGE = YES_ERROR;
				CLANG_WARN_EMPTY_BODY = YES;
				CLANG_WARN_ENUM_CONVERSION = YES;
				CLANG_WARN_INT_CONVERSION = YES;
				CLANG_WARN_OBJC_ROOT_CLASS = YES_ERROR;
				CLANG_WARN_UNREACHABLE_CODE = YES;
				CLANG_WARN__DUPLICATE_METHOD_MATCH = YES;
				"CODE_SIGN_IDENTITY[sdk=iphoneos*]" = "iPhone Developer";
				COPY_PHASE_STRIP = NO;
				DEBUG_INFORMATION_FORMAT = "dwarf-with-dsym";
				ENABLE_NS_ASSERTIONS = NO;
				ENABLE_STRICT_OBJC_MSGSEND = YES;
				GCC_C_LANGUAGE_STANDARD = gnu99;
				GCC_NO_COMMON_BLOCKS = YES;
				GCC_WARN_64_TO_32_BIT_CONVERSION = YES;
				GCC_WARN_ABOUT_RETURN_TYPE = YES_ERROR;
				GCC_WARN_UNDECLARED_SELECTOR = YES;
				GCC_WARN_UNINITIALIZED_AUTOS = YES_AGGRESSIVE;
				GCC_WARN_UNUSED_FUNCTION = YES;
				GCC_WARN_UNUSED_VARIABLE = YES;
				IPHONEOS_DEPLOYMENT_TARGET = 9.3;
				MTL_ENABLE_DEBUG_INFO = NO;
				SDKROOT = iphoneos;
				TARGETED_DEVICE_FAMILY = "1,2";
				VALIDATE_PRODUCT = YES;
			};
			name = Release;
		};
		9D22CABB1CE3D47E0072B7E2 /* Debug */ = {
			isa = XCBuildConfiguration;
			baseConfigurationReference = 6699FBA7839220D3D3F324D9 /* Pods-pokedex.debug.xcconfig */;
			buildSettings = {
				ASSETCATALOG_COMPILER_APPICON_NAME = AppIcon;
				INFOPLIST_FILE = pokedex/Info.plist;
				LD_RUNPATH_SEARCH_PATHS = "$(inherited) @executable_path/Frameworks";
				PRODUCT_BUNDLE_IDENTIFIER = com.burak.pokedex;
				PRODUCT_NAME = "$(TARGET_NAME)";
			};
			name = Debug;
		};
		9D22CABC1CE3D47E0072B7E2 /* Release */ = {
			isa = XCBuildConfiguration;
			baseConfigurationReference = 908737D1E2D70AD527586C69 /* Pods-pokedex.release.xcconfig */;
			buildSettings = {
				ASSETCATALOG_COMPILER_APPICON_NAME = AppIcon;
				INFOPLIST_FILE = pokedex/Info.plist;
				LD_RUNPATH_SEARCH_PATHS = "$(inherited) @executable_path/Frameworks";
				PRODUCT_BUNDLE_IDENTIFIER = com.burak.pokedex;
				PRODUCT_NAME = "$(TARGET_NAME)";
			};
			name = Release;
		};
/* End XCBuildConfiguration section */

/* Begin XCConfigurationList section */
		9D22CAA31CE3D47E0072B7E2 /* Build configuration list for PBXProject "pokedex" */ = {
			isa = XCConfigurationList;
			buildConfigurations = (
				9D22CAB81CE3D47E0072B7E2 /* Debug */,
				9D22CAB91CE3D47E0072B7E2 /* Release */,
			);
			defaultConfigurationIsVisible = 0;
			defaultConfigurationName = Release;
		};
		9D22CABA1CE3D47E0072B7E2 /* Build configuration list for PBXNativeTarget "pokedex" */ = {
			isa = XCConfigurationList;
			buildConfigurations = (
				9D22CABB1CE3D47E0072B7E2 /* Debug */,
				9D22CABC1CE3D47E0072B7E2 /* Release */,
			);
			defaultConfigurationIsVisible = 0;
			defaultConfigurationName = Release;
		};
/* End XCConfigurationList section */
	};
	rootObject = 9D22CAA01CE3D47E0072B7E2 /* Project object */;
}
